
Microsoft Visual Studio Solution File, Format Version 12.00
# Visual Studio Version 17
VisualStudioVersion = 17.8.34330.188
MinimumVisualStudioVersion = 10.0.40219.1
Project("{FAE04EC0-301F-11D3-BF4B-00C04F79EFBC}") = "b231210001_ndpodev2", "b231210001_ndpodev2.csproj", "{52D09D75-A05B-4DAA-809E-2C47A7942466}"
EndProject
Global
	GlobalSection(SolutionConfigurationPlatforms) = preSolution
		Debug|Any CPU = Debug|Any CPU
		Release|Any CPU = Release|Any CPU
	EndGlobalSection
	GlobalSection(ProjectConfigurationPlatforms) = postSolution
		{52D09D75-A05B-4DAA-809E-2C47A7942466}.Debug|Any CPU.ActiveCfg = Debug|Any CPU
		{52D09D75-A05B-4DAA-809E-2C47A7942466}.Debug|Any CPU.Build.0 = Debug|Any CPU
		{52D09D75-A05B-4DAA-809E-2C47A7942466}.Release|Any CPU.ActiveCfg = Release|Any CPU
		{52D09D75-A05B-4DAA-809E-2C47A7942466}.Release|Any CPU.Build.0 = Release|Any CPU
	EndGlobalSection
	GlobalSection(SolutionProperties) = preSolution
		HideSolutionNode = FALSE
	EndGlobalSection
	GlobalSection(ExtensibilityGlobals) = postSolution
		SolutionGuid = {F1CE72E4-70A0-4CFD-B43A-93DEE1630D61}
	EndGlobalSection
EndGlobal
